
Microsoft Visual Studio Solution File, Format Version 12.00
# Visual Studio 15
VisualStudioVersion = 15.0.27703.2035
MinimumVisualStudioVersion = 10.0.40219.1
Project("{FAE04EC0-301F-11D3-BF4B-00C04F79EFBC}") = "TB.AspNetCore.Quarzt", "TB.AspNetCore.Quarzt\TB.AspNetCore.Quarzt.csproj", "{6208441D-47D0-4CB9-BD1E-C11BC0D39F7F}"
EndProject
Project("{FAE04EC0-301F-11D3-BF4B-00C04F79EFBC}") = "TB.AspNetCore.Data", "TB.AspNetCore.Data\TB.AspNetCore.Data.csproj", "{58F9DF0A-A81F-4482-BAE3-4AC3CC88ED04}"
EndProject
Global
	GlobalSection(SolutionConfigurationPlatforms) = preSolution
		Debug|Any CPU = Debug|Any CPU
		Release|Any CPU = Release|Any CPU
	EndGlobalSection
	GlobalSection(ProjectConfigurationPlatforms) = postSolution
		{6208441D-47D0-4CB9-BD1E-C11BC0D39F7F}.Debug|Any CPU.ActiveCfg = Debug|Any CPU
		{6208441D-47D0-4CB9-BD1E-C11BC0D39F7F}.Debug|Any CPU.Build.0 = Debug|Any CPU
		{6208441D-47D0-4CB9-BD1E-C11BC0D39F7F}.Release|Any CPU.ActiveCfg = Release|Any CPU
		{6208441D-47D0-4CB9-BD1E-C11BC0D39F7F}.Release|Any CPU.Build.0 = Release|Any CPU
		{58F9DF0A-A81F-4482-BAE3-4AC3CC88ED04}.Debug|Any CPU.ActiveCfg = Debug|Any CPU
		{58F9DF0A-A81F-4482-BAE3-4AC3CC88ED04}.Debug|Any CPU.Build.0 = Debug|Any CPU
		{58F9DF0A-A81F-4482-BAE3-4AC3CC88ED04}.Release|Any CPU.ActiveCfg = Release|Any CPU
		{58F9DF0A-A81F-4482-BAE3-4AC3CC88ED04}.Release|Any CPU.Build.0 = Release|Any CPU
	EndGlobalSection
	GlobalSection(SolutionProperties) = preSolution
		HideSolutionNode = FALSE
	EndGlobalSection
	GlobalSection(ExtensibilityGlobals) = postSolution
		SolutionGuid = {44FC34F3-4C5E-4822-B406-0ADDC811293A}
	EndGlobalSection
EndGlobal
